// !$*UTF8*$!
{
	archiveVersion = 1;
	classes = {
	};
	objectVersion = 46;
	objects = {

/* Begin PBXBuildFile section */
		17B46C501B784035004E9E09 /* AppDelegate.swift in Sources */ = {isa = PBXBuildFile; fileRef = 17B46C4F1B784035004E9E09 /* AppDelegate.swift */; };
		17B46C521B784035004E9E09 /* ViewController.swift in Sources */ = {isa = PBXBuildFile; fileRef = 17B46C511B784035004E9E09 /* ViewController.swift */; };
		17B46C551B784035004E9E09 /* Main.storyboard in Resources */ = {isa = PBXBuildFile; fileRef = 17B46C531B784035004E9E09 /* Main.storyboard */; };
		17B46C571B784036004E9E09 /* Images.xcassets in Resources */ = {isa = PBXBuildFile; fileRef = 17B46C561B784036004E9E09 /* Images.xcassets */; };
		17B46C5A1B784036004E9E09 /* LaunchScreen.xib in Resources */ = {isa = PBXBuildFile; fileRef = 17B46C581B784036004E9E09 /* LaunchScreen.xib */; };
		17B46C661B784036004E9E09 /* SchoolAppTests.swift in Sources */ = {isa = PBXBuildFile; fileRef = 17B46C651B784036004E9E09 /* SchoolAppTests.swift */; };
/* End PBXBuildFile section */

/* Begin PBXContainerItemProxy section */
		17B46C601B784036004E9E09 /* PBXContainerItemProxy */ = {
			isa = PBXContainerItemProxy;
			containerPortal = 17B46C421B784034004E9E09 /* Project object */;
			proxyType = 1;
			remoteGlobalIDString = 17B46C491B784034004E9E09;
			remoteInfo = SchoolApp;
		};
/* End PBXContainerItemProxy section */

/* Begin PBXFileReference section */
		17B46C4A1B784035004E9E09 /* SchoolApp.app */ = {isa = PBXFileReference; explicitFileType = wrapper.application; includeInIndex = 0; path = SchoolApp.app; sourceTree = BUILT_PRODUCTS_DIR; };
		17B46C4E1B784035004E9E09 /* Info.plist */ = {isa = PBXFileReference; lastKnownFileType = text.plist.xml; path = Info.plist; sourceTree = "<group>"; };
		17B46C4F1B784035004E9E09 /* AppDelegate.swift */ = {isa = PBXFileReference; lastKnownFileType = sourcecode.swift; path = AppDelegate.swift; sourceTree = "<group>"; };
		17B46C511B784035004E9E09 /* ViewController.swift */ = {isa = PBXFileReference; lastKnownFileType = sourcecode.swift; path = ViewController.swift; sourceTree = "<group>"; };
		17B46C541B784035004E9E09 /* Base */ = {isa = PBXFileReference; lastKnownFileType = file.storyboard; name = Base; path = Base.lproj/Main.storyboard; sourceTree = "<group>"; };
		17B46C561B784036004E9E09 /* Images.xcassets */ = {isa = PBXFileReference; lastKnownFileType = folder.assetcatalog; path = Images.xcassets; sourceTree = "<group>"; };
		17B46C591B784036004E9E09 /* Base */ = {isa = PBXFileReference; lastKnownFileType = file.xib; name = Base; path = Base.lproj/LaunchScreen.xib; sourceTree = "<group>"; };
		17B46C5F1B784036004E9E09 /* SchoolAppTests.xctest */ = {isa = PBXFileReference; explicitFileType = wrapper.cfbundle; includeInIndex = 0; path = SchoolAppTests.xctest; sourceTree = BUILT_PRODUCTS_DIR; };
		17B46C641B784036004E9E09 /* Info.plist */ = {isa = PBXFileReference; lastKnownFileType = text.plist.xml; path = Info.plist; sourceTree = "<group>"; };
		17B46C651B784036004E9E09 /* SchoolAppTests.swift */ = {isa = PBXFileReference; lastKnownFileType = sourcecode.swift; path = SchoolAppTests.swift; sourceTree = "<group>"; };
/* End PBXFileReference section */

/* Begin PBXFrameworksBuildPhase section */
		17B46C471B784034004E9E09 /* Frameworks */ = {
			isa = PBXFrameworksBuildPhase;
			buildActionMask = 2147483647;
			files = (
			);
			runOnlyForDeploymentPostprocessing = 0;
		};
		17B46C5C1B784036004E9E09 /* Frameworks */ = {
			isa = PBXFrameworksBuildPhase;
			buildActionMask = 2147483647;
			files = (
			);
			runOnlyForDeploymentPostprocessing = 0;
		};
/* End PBXFrameworksBuildPhase section */

/* Begin PBXGroup section */
		17B46C411B784033004E9E09 = {
			isa = PBXGroup;
			children = (
				17B46C4C1B784035004E9E09 /* SchoolApp */,
				17B46C621B784036004E9E09 /* SchoolAppTests */,
				17B46C4B1B784035004E9E09 /* Products */,
			);
			sourceTree = "<group>";
		};
		17B46C4B1B784035004E9E09 /* Products */ = {
			isa = PBXGroup;
			children = (
				17B46C4A1B784035004E9E09 /* SchoolApp.app */,
				17B46C5F1B784036004E9E09 /* SchoolAppTests.xctest */,
			);
			name = Products;
			sourceTree = "<group>";
		};
		17B46C4C1B784035004E9E09 /* SchoolApp */ = {
			isa = PBXGroup;
			children = (
				17B46C4F1B784035004E9E09 /* AppDelegate.swift */,
				17B46C511B784035004E9E09 /* ViewController.swift */,
				17B46C531B784035004E9E09 /* Main.storyboard */,
				17B46C561B784036004E9E09 /* Images.xcassets */,
				17B46C581B784036004E9E09 /* LaunchScreen.xib */,
				17B46C4D1B784035004E9E09 /* Supporting Files */,
			);
			path = SchoolApp;
			sourceTree = "<group>";
		};
		17B46C4D1B784035004E9E09 /* Supporting Files */ = {
			isa = PBXGroup;
			children = (
				17B46C4E1B784035004E9E09 /* Info.plist */,
			);
			name = "Supporting Files";
			sourceTree = "<group>";
		};
		17B46C621B784036004E9E09 /* SchoolAppTests */ = {
			isa = PBXGroup;
			children = (
				17B46C651B784036004E9E09 /* SchoolAppTests.swift */,
				17B46C631B784036004E9E09 /* Supporting Files */,
			);
			path = SchoolAppTests;
			sourceTree = "<group>";
		};
		17B46C631B784036004E9E09 /* Supporting Files */ = {
			isa = PBXGroup;
			children = (
				17B46C641B784036004E9E09 /* Info.plist */,
			);
			name = "Supporting Files";
			sourceTree = "<group>";
		};
/* End PBXGroup section */

/* Begin PBXNativeTarget section */
		17B46C491B784034004E9E09 /* SchoolApp */ = {
			isa = PBXNativeTarget;
			buildConfigurationList = 17B46C691B784036004E9E09 /* Build configuration list for PBXNativeTarget "SchoolApp" */;
			buildPhases = (
				17B46C461B784034004E9E09 /* Sources */,
				17B46C471B784034004E9E09 /* Frameworks */,
				17B46C481B784034004E9E09 /* Resources */,
			);
			buildRules = (
			);
			dependencies = (
			);
			name = SchoolApp;
			productName = SchoolApp;
			productReference = 17B46C4A1B784035004E9E09 /* SchoolApp.app */;
			productType = "com.apple.product-type.application";
		};
		17B46C5E1B784036004E9E09 /* SchoolAppTests */ = {
			isa = PBXNativeTarget;
			buildConfigurationList = 17B46C6C1B784036004E9E09 /* Build configuration list for PBXNativeTarget "SchoolAppTests" */;
			buildPhases = (
				17B46C5B1B784036004E9E09 /* Sources */,
				17B46C5C1B784036004E9E09 /* Frameworks */,
				17B46C5D1B784036004E9E09 /* Resources */,
			);
			buildRules = (
			);
			dependencies = (
				17B46C611B784036004E9E09 /* PBXTargetDependency */,
			);
			name = SchoolAppTests;
			productName = SchoolAppTests;
			productReference = 17B46C5F1B784036004E9E09 /* SchoolAppTests.xctest */;
			productType = "com.apple.product-type.bundle.unit-test";
		};
/* End PBXNativeTarget section */

/* Begin PBXProject section */
		17B46C421B784034004E9E09 /* Project object */ = {
			isa = PBXProject;
			attributes = {
				LastUpgradeCheck = 0630;
				ORGANIZATIONNAME = "Theoretics Inc";
				TargetAttributes = {
					17B46C491B784034004E9E09 = {
						CreatedOnToolsVersion = 6.3.2;
					};
					17B46C5E1B784036004E9E09 = {
						CreatedOnToolsVersion = 6.3.2;
						TestTargetID = 17B46C491B784034004E9E09;
					};
				};
			};
			buildConfigurationList = 17B46C451B784034004E9E09 /* Build configuration list for PBXProject "SchoolApp" */;
			compatibilityVersion = "Xcode 3.2";
			developmentRegion = English;
			hasScannedForEncodings = 0;
			knownRegions = (
				en,
				Base,
			);
			mainGroup = 17B46C411B784033004E9E09;
			productRefGroup = 17B46C4B1B784035004E9E09 /* Products */;
			projectDirPath = "";
			projectRoot = "";
			targets = (
				17B46C491B784034004E9E09 /* SchoolApp */,
				17B46C5E1B784036004E9E09 /* SchoolAppTests */,
			);
		};
/* End PBXProject section */

/* Begin PBXResourcesBuildPhase section */
		17B46C481B784034004E9E09 /* Resources */ = {
			isa = PBXResourcesBuildPhase;
			buildActionMask = 2147483647;
			files = (
				17B46C551B784035004E9E09 /* Main.storyboard in Resources */,
				17B46C5A1B784036004E9E09 /* LaunchScreen.xib in Resources */,
				17B46C571B784036004E9E09 /* Images.xcassets in Resources */,
			);
			runOnlyForDeploymentPostprocessing = 0;
		};
		17B46C5D1B784036004E9E09 /* Resources */ = {
			isa = PBXResourcesBuildPhase;
			buildActionMask = 2147483647;
			files = (
			);
			runOnlyForDeploymentPostprocessing = 0;
		};
/* End PBXResourcesBuildPhase section */

/* Begin PBXSourcesBuildPhase section */
		17B46C461B784034004E9E09 /* Sources */ = {
			isa = PBXSourcesBuildPhase;
			buildActionMask = 2147483647;
			files = (
				17B46C521B784035004E9E09 /* ViewController.swift in Sources */,
				17B46C501B784035004E9E09 /* AppDelegate.swift in Sources */,
			);
			runOnlyForDeploymentPostprocessing = 0;
		};
		17B46C5B1B784036004E9E09 /* Sources */ = {
			isa = PBXSourcesBuildPhase;
			buildActionMask = 2147483647;
			files = (
				17B46C661B784036004E9E09 /* SchoolAppTests.swift in Sources */,
			);
			runOnlyForDeploymentPostprocessing = 0;
		};
/* End PBXSourcesBuildPhase section */

/* Begin PBXTargetDependency section */
		17B46C611B784036004E9E09 /* PBXTargetDependency */ = {
			isa = PBXTargetDependency;
			target = 17B46C491B784034004E9E09 /* SchoolApp */;
			targetProxy = 17B46C601B784036004E9E09 /* PBXContainerItemProxy */;
		};
/* End PBXTargetDependency section */

/* Begin PBXVariantGroup section */
		17B46C531B784035004E9E09 /* Main.storyboard */ = {
			isa = PBXVariantGroup;
			children = (
				17B46C541B784035004E9E09 /* Base */,
			);
			name = Main.storyboard;
			sourceTree = "<group>";
		};
		17B46C581B784036004E9E09 /* LaunchScreen.xib */ = {
			isa = PBXVariantGroup;
			children = (
				17B46C591B784036004E9E09 /* Base */,
			);
			name = LaunchScreen.xib;
			sourceTree = "<group>";
		};
/* End PBXVariantGroup section */

/* Begin XCBuildConfiguration section */
		17B46C671B784036004E9E09 /* Debug */ = {
			isa = XCBuildConfiguration;
			buildSettings = {
				ALWAYS_SEARCH_USER_PATHS = NO;
				CLANG_CXX_LANGUAGE_STANDARD = "gnu++0x";
				CLANG_CXX_LIBRARY = "libc++";
				CLANG_ENABLE_MODULES = YES;
				CLANG_ENABLE_OBJC_ARC = YES;
				CLANG_WARN_BOOL_CONVERSION = YES;
				CLANG_WARN_CONSTANT_CONVERSION = YES;
				CLANG_WARN_DIRECT_OBJC_ISA_USAGE = YES_ERROR;
				CLANG_WARN_EMPTY_BODY = YES;
				CLANG_WARN_ENUM_CONVERSION = YES;
				CLANG_WARN_INT_CONVERSION = YES;
				CLANG_WARN_OBJC_ROOT_CLASS = YES_ERROR;
				CLANG_WARN_UNREACHABLE_CODE = YES;
				CLANG_WARN__DUPLICATE_METHOD_MATCH = YES;
				"CODE_SIGN_IDENTITY[sdk=iphoneos*]" = "iPhone Developer";
				COPY_PHASE_STRIP = NO;
				DEBUG_INFORMATION_FORMAT = "dwarf-with-dsym";
				ENABLE_STRICT_OBJC_MSGSEND = YES;
				GCC_C_LANGUAGE_STANDARD = gnu99;
				GCC_DYNAMIC_NO_PIC = NO;
				GCC_NO_COMMON_BLOCKS = YES;
				GCC_OPTIMIZATION_LEVEL = 0;
				GCC_PREPROCESSOR_DEFINITIONS = (
					"DEBUG=1",
					"$(inherited)",
				);
				GCC_SYMBOLS_PRIVATE_EXTERN = NO;
				GCC_WARN_64_TO_32_BIT_CONVERSION = YES;
				GCC_WARN_ABOUT_RETURN_TYPE = YES_ERROR;
				GCC_WARN_UNDECLARED_SELECTOR = YES;
				GCC_WARN_UNINITIALIZED_AUTOS = YES_AGGRESSIVE;
				GCC_WARN_UNUSED_FUNCTION = YES;
				GCC_WARN_UNUSED_VARIABLE = YES;
				IPHONEOS_DEPLOYMENT_TARGET = 8.3;
				MTL_ENABLE_DEBUG_INFO = YES;
				ONLY_ACTIVE_ARCH = YES;
				SDKROOT = iphoneos;
				SWIFT_OPTIMIZATION_LEVEL = "-Onone";
				TARGETED_DEVICE_FAMILY = "1,2";
			};
			name = Debug;
		};
		17B46C681B784036004E9E09 /* Release */ = {
			isa = XCBuildConfiguration;
			buildSettings = {
				ALWAYS_SEARCH_USER_PATHS = NO;
				CLANG_CXX_LANGUAGE_STANDARD = "gnu++0x";
				CLANG_CXX_LIBRARY = "libc++";
				CLANG_ENABLE_MODULES = YES;
				CLANG_ENABLE_OBJC_ARC = YES;
				CLANG_WARN_BOOL_CONVERSION = YES;
				CLANG_WARN_CONSTANT_CONVERSION = YES;
				CLANG_WARN_DIRECT_OBJC_ISA_USAGE = YES_ERROR;
				CLANG_WARN_EMPTY_BODY = YES;
				CLANG_WARN_ENUM_CONVERSION = YES;
				CLANG_WARN_INT_CONVERSION = YES;
				CLANG_WARN_OBJC_ROOT_CLASS = YES_ERROR;
				CLANG_WARN_UNREACHABLE_CODE = YES;
				CLANG_WARN__DUPLICATE_METHOD_MATCH = YES;
				"CODE_SIGN_IDENTITY[sdk=iphoneos*]" = "iPhone Developer";
				COPY_PHASE_STRIP = NO;
				DEBUG_INFORMATION_FORMAT = "dwarf-with-dsym";
				ENABLE_NS_ASSERTIONS = NO;
				ENABLE_STRICT_OBJC_MSGSEND = YES;
				GCC_C_LANGUAGE_STANDARD = gnu99;
				GCC_NO_COMMON_BLOCKS = YES;
				GCC_WARN_64_TO_32_BIT_CONVERSION = YES;
				GCC_WARN_ABOUT_RETURN_TYPE = YES_ERROR;
				GCC_WARN_UNDECLARED_SELECTOR = YES;
				GCC_WARN_UNINITIALIZED_AUTOS = YES_AGGRESSIVE;
				GCC_WARN_UNUSED_FUNCTION = YES;
				GCC_WARN_UNUSED_VARIABLE = YES;
				IPHONEOS_DEPLOYMENT_TARGET = 8.3;
				MTL_ENABLE_DEBUG_INFO = NO;
				SDKROOT = iphoneos;
				TARGETED_DEVICE_FAMILY = "1,2";
				VALIDATE_PRODUCT = YES;
			};
			name = Release;
		};
		17B46C6A1B784036004E9E09 /* Debug */ = {
			isa = XCBuildConfiguration;
			buildSettings = {
				ASSETCATALOG_COMPILER_APPICON_NAME = AppIcon;
				INFOPLIST_FILE = SchoolApp/Info.plist;
				LD_RUNPATH_SEARCH_PATHS = "$(inherited) @executable_path/Frameworks";
				PRODUCT_NAME = "$(TARGET_NAME)";
			};
			name = Debug;
		};
		17B46C6B1B784036004E9E09 /* Release */ = {
			isa = XCBuildConfiguration;
			buildSettings = {
				ASSETCATALOG_COMPILER_APPICON_NAME = AppIcon;
				INFOPLIST_FILE = SchoolApp/Info.plist;
				LD_RUNPATH_SEARCH_PATHS = "$(inherited) @executable_path/Frameworks";
				PRODUCT_NAME = "$(TARGET_NAME)";
			};
			name = Release;
		};
		17B46C6D1B784036004E9E09 /* Debug */ = {
			isa = XCBuildConfiguration;
			buildSettings = {
				BUNDLE_LOADER = "$(TEST_HOST)";
				FRAMEWORK_SEARCH_PATHS = (
					"$(SDKROOT)/Developer/Library/Frameworks",
					"$(inherited)",
				);
				GCC_PREPROCESSOR_DEFINITIONS = (
					"DEBUG=1",
					"$(inherited)",
				);
				INFOPLIST_FILE = SchoolAppTests/Info.plist;
				LD_RUNPATH_SEARCH_PATHS = "$(inherited) @executable_path/Frameworks @loader_path/Frameworks";
				PRODUCT_NAME = "$(TARGET_NAME)";
				TEST_HOST = "$(BUILT_PRODUCTS_DIR)/SchoolApp.app/SchoolApp";
			};
			name = Debug;
		};
		17B46C6E1B784036004E9E09 /* Release */ = {
			isa = XCBuildConfiguration;
			buildSettings = {
				BUNDLE_LOADER = "$(TEST_HOST)";
				FRAMEWORK_SEARCH_PATHS = (
					"$(SDKROOT)/Developer/Library/Frameworks",
					"$(inherited)",
				);
				INFOPLIST_FILE = SchoolAppTests/Info.plist;
				LD_RUNPATH_SEARCH_PATHS = "$(inherited) @executable_path/Frameworks @loader_path/Frameworks";
				PRODUCT_NAME = "$(TARGET_NAME)";
				TEST_HOST = "$(BUILT_PRODUCTS_DIR)/SchoolApp.app/SchoolApp";
			};
			name = Release;
		};
/* End XCBuildConfiguration section */

/* Begin XCConfigurationList section */
		17B46C451B784034004E9E09 /* Build configuration list for PBXProject "SchoolApp" */ = {
			isa = XCConfigurationList;
			buildConfigurations = (
				17B46C671B784036004E9E09 /* Debug */,
				17B46C681B784036004E9E09 /* Release */,
			);
			defaultConfigurationIsVisible = 0;
			defaultConfigurationName = Release;
		};
		17B46C691B784036004E9E09 /* Build configuration list for PBXNativeTarget "SchoolApp" */ = {
			isa = XCConfigurationList;
			buildConfigurations = (
				17B46C6A1B784036004E9E09 /* Debug */,
				17B46C6B1B784036004E9E09 /* Release */,
			);
			defaultConfigurationIsVisible = 0;
		};
		17B46C6C1B784036004E9E09 /* Build configuration list for PBXNativeTarget "SchoolAppTests" */ = {
			isa = XCConfigurationList;
			buildConfigurations = (
				17B46C6D1B784036004E9E09 /* Debug */,
				17B46C6E1B784036004E9E09 /* Release */,
			);
			defaultConfigurationIsVisible = 0;
		};
/* End XCConfigurationList section */
	};
	rootObject = 17B46C421B784034004E9E09 /* Project object */;
}
